
Microsoft Visual Studio Solution File, Format Version 12.00
# Visual Studio 15
VisualStudioVersion = 15.0.27428.2005
MinimumVisualStudioVersion = 10.0.40219.1
Project("{FAE04EC0-301F-11D3-BF4B-00C04F79EFBC}") = "RegexItemTemplate", "RegexItemTemplate\RegexItemTemplate.csproj", "{C2F4FF42-5992-400C-8F61-A85ACD8797D7}"
EndProject
Project("{FAE04EC0-301F-11D3-BF4B-00C04F79EFBC}") = "RegexColorizer", "RegexColorizer\RegexColorizer.csproj", "{B52B7FA8-FF85-42F9-90B8-07896A76F9ED}"
EndProject
Global
	GlobalSection(SolutionConfigurationPlatforms) = preSolution
		Debug|Any CPU = Debug|Any CPU
		Release|Any CPU = Release|Any CPU
	EndGlobalSection
	GlobalSection(ProjectConfigurationPlatforms) = postSolution
		{C2F4FF42-5992-400C-8F61-A85ACD8797D7}.Debug|Any CPU.ActiveCfg = Debug|Any CPU
		{C2F4FF42-5992-400C-8F61-A85ACD8797D7}.Debug|Any CPU.Build.0 = Debug|Any CPU
		{C2F4FF42-5992-400C-8F61-A85ACD8797D7}.Release|Any CPU.ActiveCfg = Release|Any CPU
		{C2F4FF42-5992-400C-8F61-A85ACD8797D7}.Release|Any CPU.Build.0 = Release|Any CPU
		{B52B7FA8-FF85-42F9-90B8-07896A76F9ED}.Debug|Any CPU.ActiveCfg = Debug|Any CPU
		{B52B7FA8-FF85-42F9-90B8-07896A76F9ED}.Debug|Any CPU.Build.0 = Debug|Any CPU
		{B52B7FA8-FF85-42F9-90B8-07896A76F9ED}.Release|Any CPU.ActiveCfg = Release|Any CPU
		{B52B7FA8-FF85-42F9-90B8-07896A76F9ED}.Release|Any CPU.Build.0 = Release|Any CPU
	EndGlobalSection
	GlobalSection(SolutionProperties) = preSolution
		HideSolutionNode = FALSE
	EndGlobalSection
	GlobalSection(ExtensibilityGlobals) = postSolution
		SolutionGuid = {8D32B94A-0B51-4967-940F-0765ECF23D77}
	EndGlobalSection
EndGlobal
